
Microsoft Visual Studio Solution File, Format Version 12.00
# Visual Studio 15
VisualStudioVersion = 15.0.26730.12
MinimumVisualStudioVersion = 10.0.40219.1
Project("{FAE04EC0-301F-11D3-BF4B-00C04F79EFBC}") = "Foosball_app", "Foosball_app\Foosball_app.csproj", "{591F384F-1CB4-4546-8129-985CE1D268E6}"
EndProject
Global
	GlobalSection(SolutionConfigurationPlatforms) = preSolution
		Debug|Any CPU = Debug|Any CPU
		Release|Any CPU = Release|Any CPU
	EndGlobalSection
	GlobalSection(ProjectConfigurationPlatforms) = postSolution
		{591F384F-1CB4-4546-8129-985CE1D268E6}.Debug|Any CPU.ActiveCfg = Debug|Any CPU
		{591F384F-1CB4-4546-8129-985CE1D268E6}.Debug|Any CPU.Build.0 = Debug|Any CPU
		{591F384F-1CB4-4546-8129-985CE1D268E6}.Release|Any CPU.ActiveCfg = Release|Any CPU
		{591F384F-1CB4-4546-8129-985CE1D268E6}.Release|Any CPU.Build.0 = Release|Any CPU
	EndGlobalSection
	GlobalSection(SolutionProperties) = preSolution
		HideSolutionNode = FALSE
	EndGlobalSection
	GlobalSection(ExtensibilityGlobals) = postSolution
		SolutionGuid = {C48F7396-4AE4-4F36-BCFB-93DC30E19FDF}
	EndGlobalSection
EndGlobal
