
Microsoft Visual Studio Solution File, Format Version 12.00
# Visual Studio 15
VisualStudioVersion = 15.0.27004.2002
MinimumVisualStudioVersion = 10.0.40219.1
Project("{FAE04EC0-301F-11D3-BF4B-00C04F79EFBC}") = "Foosball_app", "Foosball_app\Foosball_app.csproj", "{EA42A0A0-77A2-462B-A08C-52CBD6595750}"
EndProject
Global
	GlobalSection(SolutionConfigurationPlatforms) = preSolution
		Debug|Any CPU = Debug|Any CPU
		Release|Any CPU = Release|Any CPU
	EndGlobalSection
	GlobalSection(ProjectConfigurationPlatforms) = postSolution
		{EA42A0A0-77A2-462B-A08C-52CBD6595750}.Debug|Any CPU.ActiveCfg = Debug|Any CPU
		{EA42A0A0-77A2-462B-A08C-52CBD6595750}.Debug|Any CPU.Build.0 = Debug|Any CPU
		{EA42A0A0-77A2-462B-A08C-52CBD6595750}.Release|Any CPU.ActiveCfg = Release|Any CPU
		{EA42A0A0-77A2-462B-A08C-52CBD6595750}.Release|Any CPU.Build.0 = Release|Any CPU
	EndGlobalSection
	GlobalSection(SolutionProperties) = preSolution
		HideSolutionNode = FALSE
	EndGlobalSection
	GlobalSection(ExtensibilityGlobals) = postSolution
		SolutionGuid = {0F54AEC5-4368-4BFE-B912-ADB992C1AD1B}
	EndGlobalSection
EndGlobal
